// !$*UTF8*$!
{
	archiveVersion = 1;
	classes = {
	};
	objectVersion = 56;
	objects = {

/* Begin PBXBuildFile section */
		100000000000000000000001 /* AiAppStarterApp.swift in Sources */ = {isa = PBXBuildFile; fileRef = 200000000000000000000001 /* AiAppStarterApp.swift */; };
		100000000000000000000002 /* AppConfig.swift in Sources */ = {isa = PBXBuildFile; fileRef = 200000000000000000000002 /* AppConfig.swift */; };
		100000000000000000000003 /* AppEnvironment.swift in Sources */ = {isa = PBXBuildFile; fileRef = 200000000000000000000003 /* AppEnvironment.swift */; };
		100000000000000000000004 /* HomeView.swift in Sources */ = {isa = PBXBuildFile; fileRef = 200000000000000000000004 /* HomeView.swift */; };
		100000000000000000000005 /* HomeViewModel.swift in Sources */ = {isa = PBXBuildFile; fileRef = 200000000000000000000005 /* HomeViewModel.swift */; };
		100000000000000000000006 /* LoginView.swift in Sources */ = {isa = PBXBuildFile; fileRef = 200000000000000000000006 /* LoginView.swift */; };
		100000000000000000000007 /* SignupView.swift in Sources */ = {isa = PBXBuildFile; fileRef = 200000000000000000000007 /* SignupView.swift */; };
		100000000000000000000008 /* APIClient.swift in Sources */ = {isa = PBXBuildFile; fileRef = 200000000000000000000008 /* APIClient.swift */; };
		100000000000000000000009 /* APIError.swift in Sources */ = {isa = PBXBuildFile; fileRef = 200000000000000000000009 /* APIError.swift */; };
		100000000000000000000010 /* APIEndpoint.swift in Sources */ = {isa = PBXBuildFile; fileRef = 200000000000000000000010 /* APIEndpoint.swift */; };
		100000000000000000000011 /* HealthDTO.swift in Sources */ = {isa = PBXBuildFile; fileRef = 200000000000000000000011 /* HealthDTO.swift */; };
		100000000000000000000012 /* LoadingStateView.swift in Sources */ = {isa = PBXBuildFile; fileRef = 200000000000000000000012 /* LoadingStateView.swift */; };
		100000000000000000000013 /* AppErrorMessage.swift in Sources */ = {isa = PBXBuildFile; fileRef = 200000000000000000000013 /* AppErrorMessage.swift */; };
		100000000000000000000014 /* TokenStore.swift in Sources */ = {isa = PBXBuildFile; fileRef = 200000000000000000000016 /* TokenStore.swift */; };
		100000000000000000000015 /* SessionViewModel.swift in Sources */ = {isa = PBXBuildFile; fileRef = 200000000000000000000017 /* SessionViewModel.swift */; };
		100000000000000000000016 /* AuthDTO.swift in Sources */ = {isa = PBXBuildFile; fileRef = 200000000000000000000018 /* AuthDTO.swift */; };
		100000000000000000000017 /* UserDTO.swift in Sources */ = {isa = PBXBuildFile; fileRef = 200000000000000000000019 /* UserDTO.swift */; };
		100000000000000000000101 /* AppConfigTests.swift in Sources */ = {isa = PBXBuildFile; fileRef = 200000000000000000000101 /* AppConfigTests.swift */; };
		100000000000000000000102 /* APIEndpointTests.swift in Sources */ = {isa = PBXBuildFile; fileRef = 200000000000000000000102 /* APIEndpointTests.swift */; };
		100000000000000000000103 /* APIErrorTests.swift in Sources */ = {isa = PBXBuildFile; fileRef = 200000000000000000000103 /* APIErrorTests.swift */; };
		100000000000000000000104 /* DTOTests.swift in Sources */ = {isa = PBXBuildFile; fileRef = 200000000000000000000104 /* DTOTests.swift */; };
/* End PBXBuildFile section */

/* Begin PBXContainerItemProxy section */
		300000000000000000000101 /* PBXContainerItemProxy */ = {
			isa = PBXContainerItemProxy;
			containerPortal = 700000000000000000000001 /* Project object */;
			proxyType = 1;
			remoteGlobalIDString = 500000000000000000000001;
			remoteInfo = AiAppStarter;
		};
/* End PBXContainerItemProxy section */

/* Begin PBXFileReference section */
		200000000000000000000001 /* AiAppStarterApp.swift */ = {isa = PBXFileReference; lastKnownFileType = sourcecode.swift; path = AiAppStarterApp.swift; sourceTree = "<group>"; };
		200000000000000000000002 /* AppConfig.swift */ = {isa = PBXFileReference; lastKnownFileType = sourcecode.swift; path = AppConfig.swift; sourceTree = "<group>"; };
		200000000000000000000003 /* AppEnvironment.swift */ = {isa = PBXFileReference; lastKnownFileType = sourcecode.swift; path = AppEnvironment.swift; sourceTree = "<group>"; };
		200000000000000000000004 /* HomeView.swift */ = {isa = PBXFileReference; lastKnownFileType = sourcecode.swift; path = HomeView.swift; sourceTree = "<group>"; };
		200000000000000000000005 /* HomeViewModel.swift */ = {isa = PBXFileReference; lastKnownFileType = sourcecode.swift; path = HomeViewModel.swift; sourceTree = "<group>"; };
		200000000000000000000006 /* LoginView.swift */ = {isa = PBXFileReference; lastKnownFileType = sourcecode.swift; path = LoginView.swift; sourceTree = "<group>"; };
		200000000000000000000007 /* SignupView.swift */ = {isa = PBXFileReference; lastKnownFileType = sourcecode.swift; path = SignupView.swift; sourceTree = "<group>"; };
		200000000000000000000008 /* APIClient.swift */ = {isa = PBXFileReference; lastKnownFileType = sourcecode.swift; path = APIClient.swift; sourceTree = "<group>"; };
		200000000000000000000009 /* APIError.swift */ = {isa = PBXFileReference; lastKnownFileType = sourcecode.swift; path = APIError.swift; sourceTree = "<group>"; };
		200000000000000000000010 /* APIEndpoint.swift */ = {isa = PBXFileReference; lastKnownFileType = sourcecode.swift; path = APIEndpoint.swift; sourceTree = "<group>"; };
		200000000000000000000011 /* HealthDTO.swift */ = {isa = PBXFileReference; lastKnownFileType = sourcecode.swift; path = HealthDTO.swift; sourceTree = "<group>"; };
		200000000000000000000012 /* LoadingStateView.swift */ = {isa = PBXFileReference; lastKnownFileType = sourcecode.swift; path = LoadingStateView.swift; sourceTree = "<group>"; };
		200000000000000000000013 /* AppErrorMessage.swift */ = {isa = PBXFileReference; lastKnownFileType = sourcecode.swift; path = AppErrorMessage.swift; sourceTree = "<group>"; };
		200000000000000000000014 /* AiAppStarter.app */ = {isa = PBXFileReference; explicitFileType = wrapper.application; includeInIndex = 0; path = AiAppStarter.app; sourceTree = BUILT_PRODUCTS_DIR; };
		200000000000000000000015 /* Info.plist */ = {isa = PBXFileReference; lastKnownFileType = text.plist.xml; path = Info.plist; sourceTree = "<group>"; };
		200000000000000000000016 /* TokenStore.swift */ = {isa = PBXFileReference; lastKnownFileType = sourcecode.swift; path = TokenStore.swift; sourceTree = "<group>"; };
		200000000000000000000017 /* SessionViewModel.swift */ = {isa = PBXFileReference; lastKnownFileType = sourcecode.swift; path = SessionViewModel.swift; sourceTree = "<group>"; };
		200000000000000000000018 /* AuthDTO.swift */ = {isa = PBXFileReference; lastKnownFileType = sourcecode.swift; path = AuthDTO.swift; sourceTree = "<group>"; };
		200000000000000000000019 /* UserDTO.swift */ = {isa = PBXFileReference; lastKnownFileType = sourcecode.swift; path = UserDTO.swift; sourceTree = "<group>"; };
		200000000000000000000101 /* AppConfigTests.swift */ = {isa = PBXFileReference; lastKnownFileType = sourcecode.swift; path = AppConfigTests.swift; sourceTree = "<group>"; };
		200000000000000000000102 /* APIEndpointTests.swift */ = {isa = PBXFileReference; lastKnownFileType = sourcecode.swift; path = APIEndpointTests.swift; sourceTree = "<group>"; };
		200000000000000000000103 /* APIErrorTests.swift */ = {isa = PBXFileReference; lastKnownFileType = sourcecode.swift; path = APIErrorTests.swift; sourceTree = "<group>"; };
		200000000000000000000104 /* DTOTests.swift */ = {isa = PBXFileReference; lastKnownFileType = sourcecode.swift; path = DTOTests.swift; sourceTree = "<group>"; };
		200000000000000000000105 /* AiAppStarterTests.xctest */ = {isa = PBXFileReference; explicitFileType = wrapper.cfbundle; includeInIndex = 0; path = AiAppStarterTests.xctest; sourceTree = BUILT_PRODUCTS_DIR; };
/* End PBXFileReference section */

/* Begin PBXFrameworksBuildPhase section */
		300000000000000000000001 /* Frameworks */ = {
			isa = PBXFrameworksBuildPhase;
			buildActionMask = 2147483647;
			files = (
			);
			runOnlyForDeploymentPostprocessing = 0;
		};
		300000000000000000000102 /* Frameworks */ = {
			isa = PBXFrameworksBuildPhase;
			buildActionMask = 2147483647;
			files = (
			);
			runOnlyForDeploymentPostprocessing = 0;
		};
/* End PBXFrameworksBuildPhase section */

/* Begin PBXGroup section */
		400000000000000000000001 = {
			isa = PBXGroup;
			children = (
				400000000000000000000003 /* AiAppStarter */,
				400000000000000000000101 /* AiAppStarterTests */,
				400000000000000000000002 /* Products */,
			);
			sourceTree = "<group>";
		};
		400000000000000000000002 /* Products */ = {
			isa = PBXGroup;
			children = (
				200000000000000000000014 /* AiAppStarter.app */,
				200000000000000000000105 /* AiAppStarterTests.xctest */,
			);
			name = Products;
			sourceTree = "<group>";
		};
		400000000000000000000003 /* AiAppStarter */ = {
			isa = PBXGroup;
			children = (
				200000000000000000000001 /* AiAppStarterApp.swift */,
				400000000000000000000004 /* App */,
				400000000000000000000005 /* Features */,
				400000000000000000000008 /* Networking */,
				400000000000000000000009 /* Shared */,
			);
			path = AiAppStarter;
			sourceTree = "<group>";
		};
		400000000000000000000004 /* App */ = {
			isa = PBXGroup;
			children = (
				200000000000000000000002 /* AppConfig.swift */,
				200000000000000000000003 /* AppEnvironment.swift */,
				200000000000000000000016 /* TokenStore.swift */,
				200000000000000000000017 /* SessionViewModel.swift */,
				200000000000000000000015 /* Info.plist */,
			);
			path = App;
			sourceTree = "<group>";
		};
		400000000000000000000005 /* Features */ = {
			isa = PBXGroup;
			children = (
				400000000000000000000006 /* Home */,
				400000000000000000000007 /* Auth */,
			);
			path = Features;
			sourceTree = "<group>";
		};
		400000000000000000000006 /* Home */ = {
			isa = PBXGroup;
			children = (
				200000000000000000000004 /* HomeView.swift */,
				200000000000000000000005 /* HomeViewModel.swift */,
			);
			path = Home;
			sourceTree = "<group>";
		};
		400000000000000000000007 /* Auth */ = {
			isa = PBXGroup;
			children = (
				200000000000000000000006 /* LoginView.swift */,
				200000000000000000000007 /* SignupView.swift */,
			);
			path = Auth;
			sourceTree = "<group>";
		};
		400000000000000000000008 /* Networking */ = {
			isa = PBXGroup;
			children = (
				200000000000000000000008 /* APIClient.swift */,
				200000000000000000000009 /* APIError.swift */,
				200000000000000000000010 /* APIEndpoint.swift */,
				200000000000000000000018 /* AuthDTO.swift */,
				200000000000000000000019 /* UserDTO.swift */,
				200000000000000000000011 /* HealthDTO.swift */,
			);
			path = Networking;
			sourceTree = "<group>";
		};
		400000000000000000000009 /* Shared */ = {
			isa = PBXGroup;
			children = (
				400000000000000000000010 /* Components */,
				400000000000000000000011 /* Models */,
			);
			path = Shared;
			sourceTree = "<group>";
		};
		400000000000000000000010 /* Components */ = {
			isa = PBXGroup;
			children = (
				200000000000000000000012 /* LoadingStateView.swift */,
			);
			path = Components;
			sourceTree = "<group>";
		};
		400000000000000000000011 /* Models */ = {
			isa = PBXGroup;
			children = (
				200000000000000000000013 /* AppErrorMessage.swift */,
			);
			path = Models;
			sourceTree = "<group>";
		};
		400000000000000000000101 /* AiAppStarterTests */ = {
			isa = PBXGroup;
			children = (
				200000000000000000000101 /* AppConfigTests.swift */,
				200000000000000000000102 /* APIEndpointTests.swift */,
				200000000000000000000103 /* APIErrorTests.swift */,
				200000000000000000000104 /* DTOTests.swift */,
			);
			path = AiAppStarterTests;
			sourceTree = "<group>";
		};
/* End PBXGroup section */

/* Begin PBXNativeTarget section */
		500000000000000000000001 /* AiAppStarter */ = {
			isa = PBXNativeTarget;
			buildConfigurationList = 800000000000000000000002 /* Build configuration list for PBXNativeTarget "AiAppStarter" */;
			buildPhases = (
				600000000000000000000001 /* Sources */,
				300000000000000000000001 /* Frameworks */,
				600000000000000000000002 /* Resources */,
			);
			buildRules = (
			);
			dependencies = (
			);
			name = AiAppStarter;
			productName = AiAppStarter;
			productReference = 200000000000000000000014 /* AiAppStarter.app */;
			productType = "com.apple.product-type.application";
		};
		500000000000000000000101 /* AiAppStarterTests */ = {
			isa = PBXNativeTarget;
			buildConfigurationList = 800000000000000000000101 /* Build configuration list for PBXNativeTarget "AiAppStarterTests" */;
			buildPhases = (
				600000000000000000000101 /* Sources */,
				300000000000000000000102 /* Frameworks */,
				600000000000000000000102 /* Resources */,
			);
			buildRules = (
			);
			dependencies = (
				300000000000000000000103 /* PBXTargetDependency */,
			);
			name = AiAppStarterTests;
			productName = AiAppStarterTests;
			productReference = 200000000000000000000105 /* AiAppStarterTests.xctest */;
			productType = "com.apple.product-type.bundle.unit-test";
		};
/* End PBXNativeTarget section */

/* Begin PBXProject section */
		700000000000000000000001 /* Project object */ = {
			isa = PBXProject;
			attributes = {
				BuildIndependentTargetsInParallel = 1;
				LastSwiftUpdateCheck = 1600;
				LastUpgradeCheck = 1600;
				TargetAttributes = {
					500000000000000000000001 = {
						CreatedOnToolsVersion = 16.0;
					};
					500000000000000000000101 = {
						CreatedOnToolsVersion = 16.0;
						TestTargetID = 500000000000000000000001;
					};
				};
			};
			buildConfigurationList = 800000000000000000000001 /* Build configuration list for PBXProject "AiAppStarter" */;
			compatibilityVersion = "Xcode 14.0";
			developmentRegion = en;
			hasScannedForEncodings = 0;
			knownRegions = (
				en,
				Base,
			);
			mainGroup = 400000000000000000000001;
			productRefGroup = 400000000000000000000002 /* Products */;
			projectDirPath = "";
			projectRoot = "";
			targets = (
				500000000000000000000001 /* AiAppStarter */,
				500000000000000000000101 /* AiAppStarterTests */,
			);
		};
/* End PBXProject section */

/* Begin PBXResourcesBuildPhase section */
		600000000000000000000002 /* Resources */ = {
			isa = PBXResourcesBuildPhase;
			buildActionMask = 2147483647;
			files = (
			);
			runOnlyForDeploymentPostprocessing = 0;
		};
		600000000000000000000102 /* Resources */ = {
			isa = PBXResourcesBuildPhase;
			buildActionMask = 2147483647;
			files = (
			);
			runOnlyForDeploymentPostprocessing = 0;
		};
/* End PBXResourcesBuildPhase section */

/* Begin PBXSourcesBuildPhase section */
		600000000000000000000001 /* Sources */ = {
			isa = PBXSourcesBuildPhase;
			buildActionMask = 2147483647;
			files = (
				100000000000000000000001 /* AiAppStarterApp.swift in Sources */,
				100000000000000000000002 /* AppConfig.swift in Sources */,
				100000000000000000000003 /* AppEnvironment.swift in Sources */,
				100000000000000000000004 /* HomeView.swift in Sources */,
				100000000000000000000005 /* HomeViewModel.swift in Sources */,
				100000000000000000000006 /* LoginView.swift in Sources */,
				100000000000000000000007 /* SignupView.swift in Sources */,
				100000000000000000000008 /* APIClient.swift in Sources */,
				100000000000000000000009 /* APIError.swift in Sources */,
				100000000000000000000010 /* APIEndpoint.swift in Sources */,
				100000000000000000000011 /* HealthDTO.swift in Sources */,
				100000000000000000000012 /* LoadingStateView.swift in Sources */,
				100000000000000000000013 /* AppErrorMessage.swift in Sources */,
				100000000000000000000014 /* TokenStore.swift in Sources */,
				100000000000000000000015 /* SessionViewModel.swift in Sources */,
				100000000000000000000016 /* AuthDTO.swift in Sources */,
				100000000000000000000017 /* UserDTO.swift in Sources */,
			);
			runOnlyForDeploymentPostprocessing = 0;
		};
		600000000000000000000101 /* Sources */ = {
			isa = PBXSourcesBuildPhase;
			buildActionMask = 2147483647;
			files = (
				100000000000000000000101 /* AppConfigTests.swift in Sources */,
				100000000000000000000102 /* APIEndpointTests.swift in Sources */,
				100000000000000000000103 /* APIErrorTests.swift in Sources */,
				100000000000000000000104 /* DTOTests.swift in Sources */,
			);
			runOnlyForDeploymentPostprocessing = 0;
		};
/* End PBXSourcesBuildPhase section */

/* Begin PBXTargetDependency section */
		300000000000000000000103 /* PBXTargetDependency */ = {
			isa = PBXTargetDependency;
			target = 500000000000000000000001 /* AiAppStarter */;
			targetProxy = 300000000000000000000101 /* PBXContainerItemProxy */;
		};
/* End PBXTargetDependency section */

/* Begin XCBuildConfiguration section */
		900000000000000000000001 /* Debug */ = {
			isa = XCBuildConfiguration;
			buildSettings = {
				ALWAYS_SEARCH_USER_PATHS = NO;
				CLANG_ANALYZER_NONNULL = YES;
				CLANG_ANALYZER_NUMBER_OBJECT_CONVERSION = YES_AGGRESSIVE;
				CLANG_CXX_LANGUAGE_STANDARD = "gnu++20";
				CLANG_ENABLE_MODULES = YES;
				CLANG_ENABLE_OBJC_ARC = YES;
				CLANG_ENABLE_OBJC_WEAK = YES;
				CLANG_WARN_BLOCK_CAPTURE_AUTORELEASING = YES;
				CLANG_WARN_BOOL_CONVERSION = YES;
				CLANG_WARN_COMMA = YES;
				CLANG_WARN_CONSTANT_CONVERSION = YES;
				CLANG_WARN_DEPRECATED_OBJC_IMPLEMENTATIONS = YES;
				CLANG_WARN_DIRECT_OBJC_ISA_USAGE = YES_ERROR;
				CLANG_WARN_DOCUMENTATION_COMMENTS = YES;
				CLANG_WARN_EMPTY_BODY = YES;
				CLANG_WARN_ENUM_CONVERSION = YES;
				CLANG_WARN_INFINITE_RECURSION = YES;
				CLANG_WARN_INT_CONVERSION = YES;
				CLANG_WARN_NON_LITERAL_NULL_CONVERSION = YES;
				CLANG_WARN_OBJC_IMPLICIT_RETAIN_SELF = YES;
				CLANG_WARN_OBJC_LITERAL_CONVERSION = YES;
				CLANG_WARN_OBJC_ROOT_CLASS = YES_ERROR;
				CLANG_WARN_QUOTED_INCLUDE_IN_FRAMEWORK_HEADER = YES;
				CLANG_WARN_RANGE_LOOP_ANALYSIS = YES;
				CLANG_WARN_STRICT_PROTOTYPES = YES;
				CLANG_WARN_SUSPICIOUS_MOVE = YES;
				CLANG_WARN_UNGUARDED_AVAILABILITY = YES_AGGRESSIVE;
				CLANG_WARN_UNREACHABLE_CODE = YES;
				CLANG_WARN__DUPLICATE_METHOD_MATCH = YES;
				COPY_PHASE_STRIP = NO;
				DEBUG_INFORMATION_FORMAT = dwarf;
				ENABLE_STRICT_OBJC_MSGSEND = YES;
				ENABLE_TESTABILITY = YES;
				GCC_C_LANGUAGE_STANDARD = gnu17;
				GCC_DYNAMIC_NO_PIC = NO;
				GCC_NO_COMMON_BLOCKS = YES;
				GCC_OPTIMIZATION_LEVEL = 0;
				GCC_PREPROCESSOR_DEFINITIONS = (
					"DEBUG=1",
					"$(inherited)",
				);
				GCC_WARN_64_TO_32_BIT_CONVERSION = YES;
				GCC_WARN_ABOUT_RETURN_TYPE = YES_ERROR;
				GCC_WARN_UNDECLARED_SELECTOR = YES;
				GCC_WARN_UNINITIALIZED_AUTOS = YES_AGGRESSIVE;
				GCC_WARN_UNUSED_FUNCTION = YES;
				GCC_WARN_UNUSED_VARIABLE = YES;
				IPHONEOS_DEPLOYMENT_TARGET = 17.0;
				MTL_ENABLE_DEBUG_INFO = INCLUDE_SOURCE;
				MTL_FAST_MATH = YES;
				ONLY_ACTIVE_ARCH = YES;
				SDKROOT = iphoneos;
				SWIFT_ACTIVE_COMPILATION_CONDITIONS = DEBUG;
				SWIFT_OPTIMIZATION_LEVEL = "-Onone";
			};
			name = Debug;
		};
		900000000000000000000002 /* Release */ = {
			isa = XCBuildConfiguration;
			buildSettings = {
				ALWAYS_SEARCH_USER_PATHS = NO;
				CLANG_ANALYZER_NONNULL = YES;
				CLANG_ANALYZER_NUMBER_OBJECT_CONVERSION = YES_AGGRESSIVE;
				CLANG_CXX_LANGUAGE_STANDARD = "gnu++20";
				CLANG_ENABLE_MODULES = YES;
				CLANG_ENABLE_OBJC_ARC = YES;
				CLANG_ENABLE_OBJC_WEAK = YES;
				CLANG_WARN_BLOCK_CAPTURE_AUTORELEASING = YES;
				CLANG_WARN_BOOL_CONVERSION = YES;
				CLANG_WARN_COMMA = YES;
				CLANG_WARN_CONSTANT_CONVERSION = YES;
				CLANG_WARN_DEPRECATED_OBJC_IMPLEMENTATIONS = YES;
				CLANG_WARN_DIRECT_OBJC_ISA_USAGE = YES_ERROR;
				CLANG_WARN_DOCUMENTATION_COMMENTS = YES;
				CLANG_WARN_EMPTY_BODY = YES;
				CLANG_WARN_ENUM_CONVERSION = YES;
				CLANG_WARN_INFINITE_RECURSION = YES;
				CLANG_WARN_INT_CONVERSION = YES;
				CLANG_WARN_NON_LITERAL_NULL_CONVERSION = YES;
				CLANG_WARN_OBJC_IMPLICIT_RETAIN_SELF = YES;
				CLANG_WARN_OBJC_LITERAL_CONVERSION = YES;
				CLANG_WARN_OBJC_ROOT_CLASS = YES_ERROR;
				CLANG_WARN_QUOTED_INCLUDE_IN_FRAMEWORK_HEADER = YES;
				CLANG_WARN_RANGE_LOOP_ANALYSIS = YES;
				CLANG_WARN_STRICT_PROTOTYPES = YES;
				CLANG_WARN_SUSPICIOUS_MOVE = YES;
				CLANG_WARN_UNGUARDED_AVAILABILITY = YES_AGGRESSIVE;
				CLANG_WARN_UNREACHABLE_CODE = YES;
				CLANG_WARN__DUPLICATE_METHOD_MATCH = YES;
				COPY_PHASE_STRIP = NO;
				DEBUG_INFORMATION_FORMAT = "dwarf-with-dsym";
				ENABLE_NS_ASSERTIONS = NO;
				ENABLE_STRICT_OBJC_MSGSEND = YES;
				GCC_C_LANGUAGE_STANDARD = gnu17;
				GCC_NO_COMMON_BLOCKS = YES;
				GCC_WARN_64_TO_32_BIT_CONVERSION = YES;
				GCC_WARN_ABOUT_RETURN_TYPE = YES_ERROR;
				GCC_WARN_UNDECLARED_SELECTOR = YES;
				GCC_WARN_UNINITIALIZED_AUTOS = YES_AGGRESSIVE;
				GCC_WARN_UNUSED_FUNCTION = YES;
				GCC_WARN_UNUSED_VARIABLE = YES;
				IPHONEOS_DEPLOYMENT_TARGET = 17.0;
				MTL_ENABLE_DEBUG_INFO = NO;
				MTL_FAST_MATH = YES;
				SDKROOT = iphoneos;
				SWIFT_COMPILATION_MODE = wholemodule;
				SWIFT_OPTIMIZATION_LEVEL = "-O";
				VALIDATE_PRODUCT = YES;
			};
			name = Release;
		};
		900000000000000000000003 /* Debug */ = {
			isa = XCBuildConfiguration;
			buildSettings = {
				ASSETCATALOG_COMPILER_GENERATE_SWIFT_ASSET_SYMBOL_EXTENSIONS = YES;
				CODE_SIGN_STYLE = Automatic;
				CURRENT_PROJECT_VERSION = 1;
				DEVELOPMENT_ASSET_PATHS = "";
				DEVELOPMENT_TEAM = "";
				ENABLE_PREVIEWS = YES;
				GENERATE_INFOPLIST_FILE = NO;
				INFOPLIST_FILE = AiAppStarter/App/Info.plist;
				IPHONEOS_DEPLOYMENT_TARGET = 17.0;
				MARKETING_VERSION = "0.1.0";
				PRODUCT_BUNDLE_IDENTIFIER = "com.example.AiAppStarter";
				PRODUCT_NAME = "$(TARGET_NAME)";
				SUPPORTED_PLATFORMS = "iphoneos iphonesimulator";
				SUPPORTS_MACCATALYST = NO;
				SWIFT_EMIT_LOC_STRINGS = YES;
				SWIFT_VERSION = 5.0;
				TARGETED_DEVICE_FAMILY = "1,2";
			};
			name = Debug;
		};
		900000000000000000000004 /* Release */ = {
			isa = XCBuildConfiguration;
			buildSettings = {
				ASSETCATALOG_COMPILER_GENERATE_SWIFT_ASSET_SYMBOL_EXTENSIONS = YES;
				CODE_SIGN_STYLE = Automatic;
				CURRENT_PROJECT_VERSION = 1;
				DEVELOPMENT_ASSET_PATHS = "";
				DEVELOPMENT_TEAM = "";
				GENERATE_INFOPLIST_FILE = NO;
				INFOPLIST_FILE = AiAppStarter/App/Info.plist;
				IPHONEOS_DEPLOYMENT_TARGET = 17.0;
				MARKETING_VERSION = "0.1.0";
				PRODUCT_BUNDLE_IDENTIFIER = "com.example.AiAppStarter";
				PRODUCT_NAME = "$(TARGET_NAME)";
				SUPPORTED_PLATFORMS = "iphoneos iphonesimulator";
				SUPPORTS_MACCATALYST = NO;
				SWIFT_EMIT_LOC_STRINGS = YES;
				SWIFT_VERSION = 5.0;
				TARGETED_DEVICE_FAMILY = "1,2";
			};
			name = Release;
		};
		900000000000000000000101 /* Debug */ = {
			isa = XCBuildConfiguration;
			buildSettings = {
				BUNDLE_LOADER = "$(TEST_HOST)";
				CODE_SIGN_STYLE = Automatic;
				CURRENT_PROJECT_VERSION = 1;
				DEVELOPMENT_TEAM = "";
				GENERATE_INFOPLIST_FILE = YES;
				IPHONEOS_DEPLOYMENT_TARGET = 17.0;
				LD_RUNPATH_SEARCH_PATHS = (
					"$(inherited)",
					"@executable_path/Frameworks",
					"@loader_path/Frameworks",
				);
				MARKETING_VERSION = "0.1.0";
				PRODUCT_BUNDLE_IDENTIFIER = "com.example.AiAppStarterTests";
				PRODUCT_NAME = "$(TARGET_NAME)";
				SUPPORTED_PLATFORMS = "iphoneos iphonesimulator";
				SUPPORTS_MACCATALYST = NO;
				SWIFT_VERSION = 5.0;
				TARGETED_DEVICE_FAMILY = "1,2";
				TEST_HOST = "$(BUILT_PRODUCTS_DIR)/AiAppStarter.app/$(BUNDLE_EXECUTABLE_FOLDER_PATH)/AiAppStarter";
				TEST_TARGET_NAME = AiAppStarter;
			};
			name = Debug;
		};
		900000000000000000000102 /* Release */ = {
			isa = XCBuildConfiguration;
			buildSettings = {
				BUNDLE_LOADER = "$(TEST_HOST)";
				CODE_SIGN_STYLE = Automatic;
				CURRENT_PROJECT_VERSION = 1;
				DEVELOPMENT_TEAM = "";
				GENERATE_INFOPLIST_FILE = YES;
				IPHONEOS_DEPLOYMENT_TARGET = 17.0;
				LD_RUNPATH_SEARCH_PATHS = (
					"$(inherited)",
					"@executable_path/Frameworks",
					"@loader_path/Frameworks",
				);
				MARKETING_VERSION = "0.1.0";
				PRODUCT_BUNDLE_IDENTIFIER = "com.example.AiAppStarterTests";
				PRODUCT_NAME = "$(TARGET_NAME)";
				SUPPORTED_PLATFORMS = "iphoneos iphonesimulator";
				SUPPORTS_MACCATALYST = NO;
				SWIFT_VERSION = 5.0;
				TARGETED_DEVICE_FAMILY = "1,2";
				TEST_HOST = "$(BUILT_PRODUCTS_DIR)/AiAppStarter.app/$(BUNDLE_EXECUTABLE_FOLDER_PATH)/AiAppStarter";
				TEST_TARGET_NAME = AiAppStarter;
			};
			name = Release;
		};
/* End XCBuildConfiguration section */

/* Begin XCConfigurationList section */
		800000000000000000000001 /* Build configuration list for PBXProject "AiAppStarter" */ = {
			isa = XCConfigurationList;
			buildConfigurations = (
				900000000000000000000001 /* Debug */,
				900000000000000000000002 /* Release */,
			);
			defaultConfigurationIsVisible = 0;
			defaultConfigurationName = Release;
		};
		800000000000000000000002 /* Build configuration list for PBXNativeTarget "AiAppStarter" */ = {
			isa = XCConfigurationList;
			buildConfigurations = (
				900000000000000000000003 /* Debug */,
				900000000000000000000004 /* Release */,
			);
			defaultConfigurationIsVisible = 0;
			defaultConfigurationName = Release;
		};
		800000000000000000000101 /* Build configuration list for PBXNativeTarget "AiAppStarterTests" */ = {
			isa = XCConfigurationList;
			buildConfigurations = (
				900000000000000000000101 /* Debug */,
				900000000000000000000102 /* Release */,
			);
			defaultConfigurationIsVisible = 0;
			defaultConfigurationName = Release;
		};
/* End XCConfigurationList section */
	};
	rootObject = 700000000000000000000001 /* Project object */;
}
